
Microsoft Visual Studio Solution File, Format Version 12.00
# Visual Studio Version 16
VisualStudioVersion = 16.0.29503.13
MinimumVisualStudioVersion = 10.0.40219.1
Project("{9A19103F-16F7-4668-BE54-9A1E7A4F7556}") = "Library", "Library\Library.csproj", "{2522EDBB-7C34-4FA0-A99E-0936185A54BC}"
EndProject
Project("{9A19103F-16F7-4668-BE54-9A1E7A4F7556}") = "LibraryData", "LibraryData\LibraryData.csproj", "{7B2E8ABB-B4FF-44E6-93FF-9BD7ED65046A}"
EndProject
Project("{9A19103F-16F7-4668-BE54-9A1E7A4F7556}") = "LibraryServices", "LibraryServices\LibraryServices.csproj", "{CEA6A547-501A-4B1C-BC3F-42254902C36F}"
EndProject
Project("{FAE04EC0-301F-11D3-BF4B-00C04F79EFBC}") = "Library_NUnitTestProject1", "Library_NUnitTestProject1\Library_NUnitTestProject1.csproj", "{7016953C-A338-4727-89CC-C2A53607E301}"
EndProject
Global
	GlobalSection(SolutionConfigurationPlatforms) = preSolution
		Debug|Any CPU = Debug|Any CPU
		Release|Any CPU = Release|Any CPU
	EndGlobalSection
	GlobalSection(ProjectConfigurationPlatforms) = postSolution
		{2522EDBB-7C34-4FA0-A99E-0936185A54BC}.Debug|Any CPU.ActiveCfg = Debug|Any CPU
		{2522EDBB-7C34-4FA0-A99E-0936185A54BC}.Debug|Any CPU.Build.0 = Debug|Any CPU
		{2522EDBB-7C34-4FA0-A99E-0936185A54BC}.Release|Any CPU.ActiveCfg = Release|Any CPU
		{2522EDBB-7C34-4FA0-A99E-0936185A54BC}.Release|Any CPU.Build.0 = Release|Any CPU
		{7B2E8ABB-B4FF-44E6-93FF-9BD7ED65046A}.Debug|Any CPU.ActiveCfg = Debug|Any CPU
		{7B2E8ABB-B4FF-44E6-93FF-9BD7ED65046A}.Debug|Any CPU.Build.0 = Debug|Any CPU
		{7B2E8ABB-B4FF-44E6-93FF-9BD7ED65046A}.Release|Any CPU.ActiveCfg = Release|Any CPU
		{7B2E8ABB-B4FF-44E6-93FF-9BD7ED65046A}.Release|Any CPU.Build.0 = Release|Any CPU
		{CEA6A547-501A-4B1C-BC3F-42254902C36F}.Debug|Any CPU.ActiveCfg = Debug|Any CPU
		{CEA6A547-501A-4B1C-BC3F-42254902C36F}.Debug|Any CPU.Build.0 = Debug|Any CPU
		{CEA6A547-501A-4B1C-BC3F-42254902C36F}.Release|Any CPU.ActiveCfg = Release|Any CPU
		{CEA6A547-501A-4B1C-BC3F-42254902C36F}.Release|Any CPU.Build.0 = Release|Any CPU
		{7016953C-A338-4727-89CC-C2A53607E301}.Debug|Any CPU.ActiveCfg = Debug|Any CPU
		{7016953C-A338-4727-89CC-C2A53607E301}.Debug|Any CPU.Build.0 = Debug|Any CPU
		{7016953C-A338-4727-89CC-C2A53607E301}.Release|Any CPU.ActiveCfg = Release|Any CPU
		{7016953C-A338-4727-89CC-C2A53607E301}.Release|Any CPU.Build.0 = Release|Any CPU
	EndGlobalSection
	GlobalSection(SolutionProperties) = preSolution
		HideSolutionNode = FALSE
	EndGlobalSection
	GlobalSection(ExtensibilityGlobals) = postSolution
		SolutionGuid = {0FD4E7A8-1482-482E-AB32-233924AEF5C1}
	EndGlobalSection
EndGlobal
